
Microsoft Visual Studio Solution File, Format Version 12.00
# Visual Studio Version 16
VisualStudioVersion = 16.0.30621.155
MinimumVisualStudioVersion = 10.0.40219.1
Project("{9A19103F-16F7-4668-BE54-9A1E7A4F7556}") = "InterfacesAndAbstraction", "InterfacesAndAbstraction\InterfacesAndAbstraction.csproj", "{E23B22EA-29E4-46A2-9E45-AF47DD7B8896}"
EndProject
Project("{9A19103F-16F7-4668-BE54-9A1E7A4F7556}") = "InterfacesExample", "InterfacesExample\InterfacesExample.csproj", "{338D9AB6-7F45-4F0A-84A3-3C94A6CE1FDD}"
EndProject
Project("{9A19103F-16F7-4668-BE54-9A1E7A4F7556}") = "Shapes", "Shapes\Shapes.csproj", "{A4D33FE7-D36D-4640-8390-690007A27E38}"
EndProject
Project("{9A19103F-16F7-4668-BE54-9A1E7A4F7556}") = "AbstractClass", "AbstractClass\AbstractClass.csproj", "{0A63CB06-2B44-493F-A6F2-06C4E2207544}"
EndProject
Project("{9A19103F-16F7-4668-BE54-9A1E7A4F7556}") = "AbstractedRendering", "AbstractedRendering\AbstractedRendering.csproj", "{0D330D7B-751C-4ADB-8E76-A31A76159199}"
EndProject
Project("{9A19103F-16F7-4668-BE54-9A1E7A4F7556}") = "Cars", "Cars\Cars.csproj", "{11D76AAD-C9EA-42F0-8F1F-4C1E05C9A846}"
EndProject
Project("{9A19103F-16F7-4668-BE54-9A1E7A4F7556}") = "PersonInfo", "PersonInfo\PersonInfo.csproj", "{C7D2C1A9-2655-4A2A-AF49-75B7430E80A2}"
EndProject
Project("{9A19103F-16F7-4668-BE54-9A1E7A4F7556}") = "Telephony", "Telephony\Telephony.csproj", "{1562A1FA-DAB3-4FFF-81B7-EFF4250E4ABF}"
EndProject
Project("{9A19103F-16F7-4668-BE54-9A1E7A4F7556}") = "BorderControl", "BorderControl\BorderControl.csproj", "{20F6D1DA-B4BE-45B2-B810-0BE0F2D5B257}"
EndProject
Project("{9A19103F-16F7-4668-BE54-9A1E7A4F7556}") = "BirthdayCelebrations", "BirthdayCelebrations\BirthdayCelebrations.csproj", "{5B24F5C2-532C-4D49-AA84-5E3CC8FA2B7F}"
EndProject
Project("{FAE04EC0-301F-11D3-BF4B-00C04F79EFBC}") = "FoodShortage", "FoodShortage\FoodShortage.csproj", "{0F39859B-F917-4BF6-B942-B6003D85FBF8}"
EndProject
Global
	GlobalSection(SolutionConfigurationPlatforms) = preSolution
		Debug|Any CPU = Debug|Any CPU
		Release|Any CPU = Release|Any CPU
	EndGlobalSection
	GlobalSection(ProjectConfigurationPlatforms) = postSolution
		{E23B22EA-29E4-46A2-9E45-AF47DD7B8896}.Debug|Any CPU.ActiveCfg = Debug|Any CPU
		{E23B22EA-29E4-46A2-9E45-AF47DD7B8896}.Debug|Any CPU.Build.0 = Debug|Any CPU
		{E23B22EA-29E4-46A2-9E45-AF47DD7B8896}.Release|Any CPU.ActiveCfg = Release|Any CPU
		{E23B22EA-29E4-46A2-9E45-AF47DD7B8896}.Release|Any CPU.Build.0 = Release|Any CPU
		{338D9AB6-7F45-4F0A-84A3-3C94A6CE1FDD}.Debug|Any CPU.ActiveCfg = Debug|Any CPU
		{338D9AB6-7F45-4F0A-84A3-3C94A6CE1FDD}.Debug|Any CPU.Build.0 = Debug|Any CPU
		{338D9AB6-7F45-4F0A-84A3-3C94A6CE1FDD}.Release|Any CPU.ActiveCfg = Release|Any CPU
		{338D9AB6-7F45-4F0A-84A3-3C94A6CE1FDD}.Release|Any CPU.Build.0 = Release|Any CPU
		{A4D33FE7-D36D-4640-8390-690007A27E38}.Debug|Any CPU.ActiveCfg = Debug|Any CPU
		{A4D33FE7-D36D-4640-8390-690007A27E38}.Debug|Any CPU.Build.0 = Debug|Any CPU
		{A4D33FE7-D36D-4640-8390-690007A27E38}.Release|Any CPU.ActiveCfg = Release|Any CPU
		{A4D33FE7-D36D-4640-8390-690007A27E38}.Release|Any CPU.Build.0 = Release|Any CPU
		{0A63CB06-2B44-493F-A6F2-06C4E2207544}.Debug|Any CPU.ActiveCfg = Debug|Any CPU
		{0A63CB06-2B44-493F-A6F2-06C4E2207544}.Debug|Any CPU.Build.0 = Debug|Any CPU
		{0A63CB06-2B44-493F-A6F2-06C4E2207544}.Release|Any CPU.ActiveCfg = Release|Any CPU
		{0A63CB06-2B44-493F-A6F2-06C4E2207544}.Release|Any CPU.Build.0 = Release|Any CPU
		{0D330D7B-751C-4ADB-8E76-A31A76159199}.Debug|Any CPU.ActiveCfg = Debug|Any CPU
		{0D330D7B-751C-4ADB-8E76-A31A76159199}.Debug|Any CPU.Build.0 = Debug|Any CPU
		{0D330D7B-751C-4ADB-8E76-A31A76159199}.Release|Any CPU.ActiveCfg = Release|Any CPU
		{0D330D7B-751C-4ADB-8E76-A31A76159199}.Release|Any CPU.Build.0 = Release|Any CPU
		{11D76AAD-C9EA-42F0-8F1F-4C1E05C9A846}.Debug|Any CPU.ActiveCfg = Debug|Any CPU
		{11D76AAD-C9EA-42F0-8F1F-4C1E05C9A846}.Debug|Any CPU.Build.0 = Debug|Any CPU
		{11D76AAD-C9EA-42F0-8F1F-4C1E05C9A846}.Release|Any CPU.ActiveCfg = Release|Any CPU
		{11D76AAD-C9EA-42F0-8F1F-4C1E05C9A846}.Release|Any CPU.Build.0 = Release|Any CPU
		{C7D2C1A9-2655-4A2A-AF49-75B7430E80A2}.Debug|Any CPU.ActiveCfg = Debug|Any CPU
		{C7D2C1A9-2655-4A2A-AF49-75B7430E80A2}.Debug|Any CPU.Build.0 = Debug|Any CPU
		{C7D2C1A9-2655-4A2A-AF49-75B7430E80A2}.Release|Any CPU.ActiveCfg = Release|Any CPU
		{C7D2C1A9-2655-4A2A-AF49-75B7430E80A2}.Release|Any CPU.Build.0 = Release|Any CPU
		{1562A1FA-DAB3-4FFF-81B7-EFF4250E4ABF}.Debug|Any CPU.ActiveCfg = Debug|Any CPU
		{1562A1FA-DAB3-4FFF-81B7-EFF4250E4ABF}.Debug|Any CPU.Build.0 = Debug|Any CPU
		{1562A1FA-DAB3-4FFF-81B7-EFF4250E4ABF}.Release|Any CPU.ActiveCfg = Release|Any CPU
		{1562A1FA-DAB3-4FFF-81B7-EFF4250E4ABF}.Release|Any CPU.Build.0 = Release|Any CPU
		{20F6D1DA-B4BE-45B2-B810-0BE0F2D5B257}.Debug|Any CPU.ActiveCfg = Debug|Any CPU
		{20F6D1DA-B4BE-45B2-B810-0BE0F2D5B257}.Debug|Any CPU.Build.0 = Debug|Any CPU
		{20F6D1DA-B4BE-45B2-B810-0BE0F2D5B257}.Release|Any CPU.ActiveCfg = Release|Any CPU
		{20F6D1DA-B4BE-45B2-B810-0BE0F2D5B257}.Release|Any CPU.Build.0 = Release|Any CPU
		{5B24F5C2-532C-4D49-AA84-5E3CC8FA2B7F}.Debug|Any CPU.ActiveCfg = Debug|Any CPU
		{5B24F5C2-532C-4D49-AA84-5E3CC8FA2B7F}.Debug|Any CPU.Build.0 = Debug|Any CPU
		{5B24F5C2-532C-4D49-AA84-5E3CC8FA2B7F}.Release|Any CPU.ActiveCfg = Release|Any CPU
		{5B24F5C2-532C-4D49-AA84-5E3CC8FA2B7F}.Release|Any CPU.Build.0 = Release|Any CPU
		{0F39859B-F917-4BF6-B942-B6003D85FBF8}.Debug|Any CPU.ActiveCfg = Debug|Any CPU
		{0F39859B-F917-4BF6-B942-B6003D85FBF8}.Debug|Any CPU.Build.0 = Debug|Any CPU
		{0F39859B-F917-4BF6-B942-B6003D85FBF8}.Release|Any CPU.ActiveCfg = Release|Any CPU
		{0F39859B-F917-4BF6-B942-B6003D85FBF8}.Release|Any CPU.Build.0 = Release|Any CPU
	EndGlobalSection
	GlobalSection(SolutionProperties) = preSolution
		HideSolutionNode = FALSE
	EndGlobalSection
	GlobalSection(ExtensibilityGlobals) = postSolution
		SolutionGuid = {AB070121-9E68-4F4D-BE1B-A79C0454928D}
	EndGlobalSection
EndGlobal
